
Microsoft Visual Studio Solution File, Format Version 12.00
# Visual Studio Version 16
VisualStudioVersion = 25.0.1700.0
MinimumVisualStudioVersion = 10.0.40219.1
Project("{FAE04EC0-301F-11D3-BF4B-00C04F79EFBC}") = "ConverseServer", "ConverseServer\ConverseServer.csproj", "{6AD72E20-211E-484C-A998-1FECC27A5CC4}"
EndProject
Global
	GlobalSection(SolutionConfigurationPlatforms) = preSolution
		Debug|Any CPU = Debug|Any CPU
		Release|Any CPU = Release|Any CPU
	EndGlobalSection
	GlobalSection(ProjectConfigurationPlatforms) = postSolution
		{6AD72E20-211E-484C-A998-1FECC27A5CC4}.Debug|Any CPU.ActiveCfg = Debug|Any CPU
		{6AD72E20-211E-484C-A998-1FECC27A5CC4}.Debug|Any CPU.Build.0 = Debug|Any CPU
		{6AD72E20-211E-484C-A998-1FECC27A5CC4}.Release|Any CPU.ActiveCfg = Release|Any CPU
		{6AD72E20-211E-484C-A998-1FECC27A5CC4}.Release|Any CPU.Build.0 = Release|Any CPU
	EndGlobalSection
	GlobalSection(SolutionProperties) = preSolution
		HideSolutionNode = FALSE
	EndGlobalSection
	GlobalSection(ExtensibilityGlobals) = postSolution
		SolutionGuid = {4A697EB8-E997-4E08-B428-796D2B70ECFF}
	EndGlobalSection
EndGlobal
